
Microsoft Visual Studio Solution File, Format Version 12.00
# Visual Studio Version 16
VisualStudioVersion = 16.0.30523.141
MinimumVisualStudioVersion = 10.0.40219.1
Project("{FAE04EC0-301F-11D3-BF4B-00C04F79EFBC}") = "EAM", "EAM\EAM.csproj", "{2CE14EDA-16CC-4286-B699-94B1D930DED0}"
EndProject
Global
	GlobalSection(SolutionConfigurationPlatforms) = preSolution
		Debug|Any CPU = Debug|Any CPU
		Release|Any CPU = Release|Any CPU
	EndGlobalSection
	GlobalSection(ProjectConfigurationPlatforms) = postSolution
		{2CE14EDA-16CC-4286-B699-94B1D930DED0}.Debug|Any CPU.ActiveCfg = Debug|Any CPU
		{2CE14EDA-16CC-4286-B699-94B1D930DED0}.Debug|Any CPU.Build.0 = Debug|Any CPU
		{2CE14EDA-16CC-4286-B699-94B1D930DED0}.Release|Any CPU.ActiveCfg = Release|Any CPU
		{2CE14EDA-16CC-4286-B699-94B1D930DED0}.Release|Any CPU.Build.0 = Release|Any CPU
	EndGlobalSection
	GlobalSection(SolutionProperties) = preSolution
		HideSolutionNode = FALSE
	EndGlobalSection
	GlobalSection(ExtensibilityGlobals) = postSolution
		SolutionGuid = {10024D52-09C7-4023-9C16-35DC28B7371E}
	EndGlobalSection
EndGlobal
