
Microsoft Visual Studio Solution File, Format Version 12.00
# Visual Studio Version 17
VisualStudioVersion = 17.5.33414.496
MinimumVisualStudioVersion = 10.0.40219.1
Project("{FAE04EC0-301F-11D3-BF4B-00C04F79EFBC}") = "ACG", "ACG.csproj", "{E0EE6946-737B-48D5-9BA5-9DBE86A155B0}"
EndProject
Global
	GlobalSection(SolutionConfigurationPlatforms) = preSolution
		Debug|Any CPU = Debug|Any CPU
		Release|Any CPU = Release|Any CPU
	EndGlobalSection
	GlobalSection(ProjectConfigurationPlatforms) = postSolution
		{E0EE6946-737B-48D5-9BA5-9DBE86A155B0}.Debug|Any CPU.ActiveCfg = Debug|Any CPU
		{E0EE6946-737B-48D5-9BA5-9DBE86A155B0}.Debug|Any CPU.Build.0 = Debug|Any CPU
		{E0EE6946-737B-48D5-9BA5-9DBE86A155B0}.Release|Any CPU.ActiveCfg = Release|Any CPU
		{E0EE6946-737B-48D5-9BA5-9DBE86A155B0}.Release|Any CPU.Build.0 = Release|Any CPU
	EndGlobalSection
	GlobalSection(SolutionProperties) = preSolution
		HideSolutionNode = FALSE
	EndGlobalSection
	GlobalSection(ExtensibilityGlobals) = postSolution
		SolutionGuid = {0162826D-E0FE-4C8A-BC3C-830D2AAF25CC}
	EndGlobalSection
EndGlobal
